
Microsoft Visual Studio Solution File, Format Version 12.00
# Visual Studio 15
VisualStudioVersion = 15.0.27130.2024
MinimumVisualStudioVersion = 10.0.40219.1
Project("{FAE04EC0-301F-11D3-BF4B-00C04F79EFBC}") = "Test.Android", "Test\Test.Android\Test.Android.csproj", "{21888A92-3966-474B-BFD8-04E6DC7A260F}"
EndProject
Project("{FAE04EC0-301F-11D3-BF4B-00C04F79EFBC}") = "Test.iOS", "Test\Test.iOS\Test.iOS.csproj", "{5AE225C1-20C1-444A-ABD7-547965282F49}"
EndProject
Project("{9A19103F-16F7-4668-BE54-9A1E7A4F7556}") = "Test", "Test\Test\Test.csproj", "{7B7692F4-D2C1-4FE8-B4EB-33C2E25E7C44}"
EndProject
Project("{FAE04EC0-301F-11D3-BF4B-00C04F79EFBC}") = "TOCropViewController", "Binding\TOCropViewController\TOCropViewController.csproj", "{C5DCB26A-02D0-4D8B-878E-C9169915C22A}"
EndProject
Project("{9A19103F-16F7-4668-BE54-9A1E7A4F7556}") = "ImageCropper", "ImageCropper\ImageCropper\ImageCropper.csproj", "{93F1186D-AC71-47AC-A40E-B43CA82EB57B}"
EndProject
Project("{FAE04EC0-301F-11D3-BF4B-00C04F79EFBC}") = "ImageCropper.Android", "ImageCropper\ImageCropper.Android\ImageCropper.Android.csproj", "{3749E8C6-C81B-4DA9-AE9C-DDCDA78B2E0F}"
EndProject
Project("{FAE04EC0-301F-11D3-BF4B-00C04F79EFBC}") = "ImageCropper.iOS", "ImageCropper\ImageCropper.iOS\ImageCropper.iOS.csproj", "{2798EED2-0A88-45E7-97D5-F7DCB01233E1}"
EndProject
Project("{FAE04EC0-301F-11D3-BF4B-00C04F79EFBC}") = "Binding_AndroidImageCropper", "Binding\Binding_AndroidImageCropper\Binding_AndroidImageCropper.csproj", "{88654249-5226-44D1-A3D2-952E38A178DB}"
EndProject
Project("{2150E333-8FDC-42A3-9474-1A3956D46DE8}") = "Binding", "Binding", "{BA3A7998-C0FA-412E-B727-41E1458BD3A2}"
EndProject
Project("{2150E333-8FDC-42A3-9474-1A3956D46DE8}") = "Library", "Library", "{62B0983D-8EE5-4E3D-98AC-319C0C8DFDF1}"
EndProject
Project("{2150E333-8FDC-42A3-9474-1A3956D46DE8}") = "Demo", "Demo", "{38AB27E5-B4B9-4139-889C-66AFE6215117}"
EndProject
Project("{2150E333-8FDC-42A3-9474-1A3956D46DE8}") = "Solution Items", "Solution Items", "{5509A28A-CD73-4B7D-B5DD-A312CCE9FB48}"
	ProjectSection(SolutionItems) = preProject
		ImageCropper.nuspec = ImageCropper.nuspec
		LICENSE.md = LICENSE.md
		README.md = README.md
	EndProjectSection
EndProject
Global
	GlobalSection(SolutionConfigurationPlatforms) = preSolution
		Ad-Hoc|Any CPU = Ad-Hoc|Any CPU
		Ad-Hoc|iPhone = Ad-Hoc|iPhone
		Ad-Hoc|iPhoneSimulator = Ad-Hoc|iPhoneSimulator
		AppStore|Any CPU = AppStore|Any CPU
		AppStore|iPhone = AppStore|iPhone
		AppStore|iPhoneSimulator = AppStore|iPhoneSimulator
		Debug|Any CPU = Debug|Any CPU
		Debug|iPhone = Debug|iPhone
		Debug|iPhoneSimulator = Debug|iPhoneSimulator
		Release|Any CPU = Release|Any CPU
		Release|iPhone = Release|iPhone
		Release|iPhoneSimulator = Release|iPhoneSimulator
	EndGlobalSection
	GlobalSection(ProjectConfigurationPlatforms) = postSolution
		{21888A92-3966-474B-BFD8-04E6DC7A260F}.Ad-Hoc|Any CPU.ActiveCfg = Release|Any CPU
		{21888A92-3966-474B-BFD8-04E6DC7A260F}.Ad-Hoc|Any CPU.Build.0 = Release|Any CPU
		{21888A92-3966-474B-BFD8-04E6DC7A260F}.Ad-Hoc|Any CPU.Deploy.0 = Release|Any CPU
		{21888A92-3966-474B-BFD8-04E6DC7A260F}.Ad-Hoc|iPhone.ActiveCfg = Release|Any CPU
		{21888A92-3966-474B-BFD8-04E6DC7A260F}.Ad-Hoc|iPhone.Build.0 = Release|Any CPU
		{21888A92-3966-474B-BFD8-04E6DC7A260F}.Ad-Hoc|iPhone.Deploy.0 = Release|Any CPU
		{21888A92-3966-474B-BFD8-04E6DC7A260F}.Ad-Hoc|iPhoneSimulator.ActiveCfg = Release|Any CPU
		{21888A92-3966-474B-BFD8-04E6DC7A260F}.Ad-Hoc|iPhoneSimulator.Build.0 = Release|Any CPU
		{21888A92-3966-474B-BFD8-04E6DC7A260F}.Ad-Hoc|iPhoneSimulator.Deploy.0 = Release|Any CPU
		{21888A92-3966-474B-BFD8-04E6DC7A260F}.AppStore|Any CPU.ActiveCfg = Release|Any CPU
		{21888A92-3966-474B-BFD8-04E6DC7A260F}.AppStore|Any CPU.Build.0 = Release|Any CPU
		{21888A92-3966-474B-BFD8-04E6DC7A260F}.AppStore|Any CPU.Deploy.0 = Release|Any CPU
		{21888A92-3966-474B-BFD8-04E6DC7A260F}.AppStore|iPhone.ActiveCfg = Release|Any CPU
		{21888A92-3966-474B-BFD8-04E6DC7A260F}.AppStore|iPhone.Build.0 = Release|Any CPU
		{21888A92-3966-474B-BFD8-04E6DC7A260F}.AppStore|iPhone.Deploy.0 = Release|Any CPU
		{21888A92-3966-474B-BFD8-04E6DC7A260F}.AppStore|iPhoneSimulator.ActiveCfg = Release|Any CPU
		{21888A92-3966-474B-BFD8-04E6DC7A260F}.AppStore|iPhoneSimulator.Build.0 = Release|Any CPU
		{21888A92-3966-474B-BFD8-04E6DC7A260F}.AppStore|iPhoneSimulator.Deploy.0 = Release|Any CPU
		{21888A92-3966-474B-BFD8-04E6DC7A260F}.Debug|Any CPU.ActiveCfg = Debug|Any CPU
		{21888A92-3966-474B-BFD8-04E6DC7A260F}.Debug|Any CPU.Deploy.0 = Debug|Any CPU
		{21888A92-3966-474B-BFD8-04E6DC7A260F}.Debug|iPhone.ActiveCfg = Debug|Any CPU
		{21888A92-3966-474B-BFD8-04E6DC7A260F}.Debug|iPhone.Build.0 = Debug|Any CPU
		{21888A92-3966-474B-BFD8-04E6DC7A260F}.Debug|iPhone.Deploy.0 = Debug|Any CPU
		{21888A92-3966-474B-BFD8-04E6DC7A260F}.Debug|iPhoneSimulator.ActiveCfg = Debug|Any CPU
		{21888A92-3966-474B-BFD8-04E6DC7A260F}.Debug|iPhoneSimulator.Build.0 = Debug|Any CPU
		{21888A92-3966-474B-BFD8-04E6DC7A260F}.Debug|iPhoneSimulator.Deploy.0 = Debug|Any CPU
		{21888A92-3966-474B-BFD8-04E6DC7A260F}.Release|Any CPU.ActiveCfg = Release|Any CPU
		{21888A92-3966-474B-BFD8-04E6DC7A260F}.Release|Any CPU.Build.0 = Release|Any CPU
		{21888A92-3966-474B-BFD8-04E6DC7A260F}.Release|Any CPU.Deploy.0 = Release|Any CPU
		{21888A92-3966-474B-BFD8-04E6DC7A260F}.Release|iPhone.ActiveCfg = Release|Any CPU
		{21888A92-3966-474B-BFD8-04E6DC7A260F}.Release|iPhone.Build.0 = Release|Any CPU
		{21888A92-3966-474B-BFD8-04E6DC7A260F}.Release|iPhone.Deploy.0 = Release|Any CPU
		{21888A92-3966-474B-BFD8-04E6DC7A260F}.Release|iPhoneSimulator.ActiveCfg = Release|Any CPU
		{21888A92-3966-474B-BFD8-04E6DC7A260F}.Release|iPhoneSimulator.Build.0 = Release|Any CPU
		{21888A92-3966-474B-BFD8-04E6DC7A260F}.Release|iPhoneSimulator.Deploy.0 = Release|Any CPU
		{5AE225C1-20C1-444A-ABD7-547965282F49}.Ad-Hoc|Any CPU.ActiveCfg = Ad-Hoc|iPhone
		{5AE225C1-20C1-444A-ABD7-547965282F49}.Ad-Hoc|iPhone.ActiveCfg = Ad-Hoc|iPhone
		{5AE225C1-20C1-444A-ABD7-547965282F49}.Ad-Hoc|iPhone.Build.0 = Ad-Hoc|iPhone
		{5AE225C1-20C1-444A-ABD7-547965282F49}.Ad-Hoc|iPhoneSimulator.ActiveCfg = Ad-Hoc|iPhoneSimulator
		{5AE225C1-20C1-444A-ABD7-547965282F49}.Ad-Hoc|iPhoneSimulator.Build.0 = Ad-Hoc|iPhoneSimulator
		{5AE225C1-20C1-444A-ABD7-547965282F49}.AppStore|Any CPU.ActiveCfg = AppStore|iPhone
		{5AE225C1-20C1-444A-ABD7-547965282F49}.AppStore|iPhone.ActiveCfg = AppStore|iPhone
		{5AE225C1-20C1-444A-ABD7-547965282F49}.AppStore|iPhone.Build.0 = AppStore|iPhone
		{5AE225C1-20C1-444A-ABD7-547965282F49}.AppStore|iPhoneSimulator.ActiveCfg = AppStore|iPhoneSimulator
		{5AE225C1-20C1-444A-ABD7-547965282F49}.AppStore|iPhoneSimulator.Build.0 = AppStore|iPhoneSimulator
		{5AE225C1-20C1-444A-ABD7-547965282F49}.Debug|Any CPU.ActiveCfg = Debug|iPhone
		{5AE225C1-20C1-444A-ABD7-547965282F49}.Debug|iPhone.ActiveCfg = Debug|iPhone
		{5AE225C1-20C1-444A-ABD7-547965282F49}.Debug|iPhone.Build.0 = Debug|iPhone
		{5AE225C1-20C1-444A-ABD7-547965282F49}.Debug|iPhoneSimulator.ActiveCfg = Debug|iPhoneSimulator
		{5AE225C1-20C1-444A-ABD7-547965282F49}.Debug|iPhoneSimulator.Build.0 = Debug|iPhoneSimulator
		{5AE225C1-20C1-444A-ABD7-547965282F49}.Release|Any CPU.ActiveCfg = Release|iPhone
		{5AE225C1-20C1-444A-ABD7-547965282F49}.Release|iPhone.ActiveCfg = Release|iPhone
		{5AE225C1-20C1-444A-ABD7-547965282F49}.Release|iPhone.Build.0 = Release|iPhone
		{5AE225C1-20C1-444A-ABD7-547965282F49}.Release|iPhoneSimulator.ActiveCfg = Release|iPhoneSimulator
		{5AE225C1-20C1-444A-ABD7-547965282F49}.Release|iPhoneSimulator.Build.0 = Release|iPhoneSimulator
		{7B7692F4-D2C1-4FE8-B4EB-33C2E25E7C44}.Ad-Hoc|Any CPU.ActiveCfg = Debug|Any CPU
		{7B7692F4-D2C1-4FE8-B4EB-33C2E25E7C44}.Ad-Hoc|Any CPU.Build.0 = Debug|Any CPU
		{7B7692F4-D2C1-4FE8-B4EB-33C2E25E7C44}.Ad-Hoc|iPhone.ActiveCfg = Debug|Any CPU
		{7B7692F4-D2C1-4FE8-B4EB-33C2E25E7C44}.Ad-Hoc|iPhone.Build.0 = Debug|Any CPU
		{7B7692F4-D2C1-4FE8-B4EB-33C2E25E7C44}.Ad-Hoc|iPhoneSimulator.ActiveCfg = Debug|Any CPU
		{7B7692F4-D2C1-4FE8-B4EB-33C2E25E7C44}.Ad-Hoc|iPhoneSimulator.Build.0 = Debug|Any CPU
		{7B7692F4-D2C1-4FE8-B4EB-33C2E25E7C44}.AppStore|Any CPU.ActiveCfg = Debug|Any CPU
		{7B7692F4-D2C1-4FE8-B4EB-33C2E25E7C44}.AppStore|Any CPU.Build.0 = Debug|Any CPU
		{7B7692F4-D2C1-4FE8-B4EB-33C2E25E7C44}.AppStore|iPhone.ActiveCfg = Debug|Any CPU
		{7B7692F4-D2C1-4FE8-B4EB-33C2E25E7C44}.AppStore|iPhone.Build.0 = Debug|Any CPU
		{7B7692F4-D2C1-4FE8-B4EB-33C2E25E7C44}.AppStore|iPhoneSimulator.ActiveCfg = Debug|Any CPU
		{7B7692F4-D2C1-4FE8-B4EB-33C2E25E7C44}.AppStore|iPhoneSimulator.Build.0 = Debug|Any CPU
		{7B7692F4-D2C1-4FE8-B4EB-33C2E25E7C44}.Debug|Any CPU.ActiveCfg = Debug|Any CPU
		{7B7692F4-D2C1-4FE8-B4EB-33C2E25E7C44}.Debug|iPhone.ActiveCfg = Debug|Any CPU
		{7B7692F4-D2C1-4FE8-B4EB-33C2E25E7C44}.Debug|iPhone.Build.0 = Debug|Any CPU
		{7B7692F4-D2C1-4FE8-B4EB-33C2E25E7C44}.Debug|iPhoneSimulator.ActiveCfg = Debug|Any CPU
		{7B7692F4-D2C1-4FE8-B4EB-33C2E25E7C44}.Debug|iPhoneSimulator.Build.0 = Debug|Any CPU
		{7B7692F4-D2C1-4FE8-B4EB-33C2E25E7C44}.Release|Any CPU.ActiveCfg = Release|Any CPU
		{7B7692F4-D2C1-4FE8-B4EB-33C2E25E7C44}.Release|Any CPU.Build.0 = Release|Any CPU
		{7B7692F4-D2C1-4FE8-B4EB-33C2E25E7C44}.Release|iPhone.ActiveCfg = Release|Any CPU
		{7B7692F4-D2C1-4FE8-B4EB-33C2E25E7C44}.Release|iPhone.Build.0 = Release|Any CPU
		{7B7692F4-D2C1-4FE8-B4EB-33C2E25E7C44}.Release|iPhoneSimulator.ActiveCfg = Release|Any CPU
		{7B7692F4-D2C1-4FE8-B4EB-33C2E25E7C44}.Release|iPhoneSimulator.Build.0 = Release|Any CPU
		{C5DCB26A-02D0-4D8B-878E-C9169915C22A}.Ad-Hoc|Any CPU.ActiveCfg = Release|Any CPU
		{C5DCB26A-02D0-4D8B-878E-C9169915C22A}.Ad-Hoc|Any CPU.Build.0 = Release|Any CPU
		{C5DCB26A-02D0-4D8B-878E-C9169915C22A}.Ad-Hoc|iPhone.ActiveCfg = Release|Any CPU
		{C5DCB26A-02D0-4D8B-878E-C9169915C22A}.Ad-Hoc|iPhone.Build.0 = Release|Any CPU
		{C5DCB26A-02D0-4D8B-878E-C9169915C22A}.Ad-Hoc|iPhoneSimulator.ActiveCfg = Release|Any CPU
		{C5DCB26A-02D0-4D8B-878E-C9169915C22A}.Ad-Hoc|iPhoneSimulator.Build.0 = Release|Any CPU
		{C5DCB26A-02D0-4D8B-878E-C9169915C22A}.AppStore|Any CPU.ActiveCfg = Release|Any CPU
		{C5DCB26A-02D0-4D8B-878E-C9169915C22A}.AppStore|Any CPU.Build.0 = Release|Any CPU
		{C5DCB26A-02D0-4D8B-878E-C9169915C22A}.AppStore|iPhone.ActiveCfg = Release|Any CPU
		{C5DCB26A-02D0-4D8B-878E-C9169915C22A}.AppStore|iPhone.Build.0 = Release|Any CPU
		{C5DCB26A-02D0-4D8B-878E-C9169915C22A}.AppStore|iPhoneSimulator.ActiveCfg = Release|Any CPU
		{C5DCB26A-02D0-4D8B-878E-C9169915C22A}.AppStore|iPhoneSimulator.Build.0 = Release|Any CPU
		{C5DCB26A-02D0-4D8B-878E-C9169915C22A}.Debug|Any CPU.ActiveCfg = Debug|Any CPU
		{C5DCB26A-02D0-4D8B-878E-C9169915C22A}.Debug|Any CPU.Build.0 = Debug|Any CPU
		{C5DCB26A-02D0-4D8B-878E-C9169915C22A}.Debug|iPhone.ActiveCfg = Debug|Any CPU
		{C5DCB26A-02D0-4D8B-878E-C9169915C22A}.Debug|iPhone.Build.0 = Debug|Any CPU
		{C5DCB26A-02D0-4D8B-878E-C9169915C22A}.Debug|iPhoneSimulator.ActiveCfg = Debug|Any CPU
		{C5DCB26A-02D0-4D8B-878E-C9169915C22A}.Debug|iPhoneSimulator.Build.0 = Debug|Any CPU
		{C5DCB26A-02D0-4D8B-878E-C9169915C22A}.Release|Any CPU.ActiveCfg = Release|Any CPU
		{C5DCB26A-02D0-4D8B-878E-C9169915C22A}.Release|Any CPU.Build.0 = Release|Any CPU
		{C5DCB26A-02D0-4D8B-878E-C9169915C22A}.Release|iPhone.ActiveCfg = Release|Any CPU
		{C5DCB26A-02D0-4D8B-878E-C9169915C22A}.Release|iPhone.Build.0 = Release|Any CPU
		{C5DCB26A-02D0-4D8B-878E-C9169915C22A}.Release|iPhoneSimulator.ActiveCfg = Release|Any CPU
		{C5DCB26A-02D0-4D8B-878E-C9169915C22A}.Release|iPhoneSimulator.Build.0 = Release|Any CPU
		{93F1186D-AC71-47AC-A40E-B43CA82EB57B}.Ad-Hoc|Any CPU.ActiveCfg = Debug|Any CPU
		{93F1186D-AC71-47AC-A40E-B43CA82EB57B}.Ad-Hoc|Any CPU.Build.0 = Debug|Any CPU
		{93F1186D-AC71-47AC-A40E-B43CA82EB57B}.Ad-Hoc|iPhone.ActiveCfg = Debug|Any CPU
		{93F1186D-AC71-47AC-A40E-B43CA82EB57B}.Ad-Hoc|iPhone.Build.0 = Debug|Any CPU
		{93F1186D-AC71-47AC-A40E-B43CA82EB57B}.Ad-Hoc|iPhoneSimulator.ActiveCfg = Debug|Any CPU
		{93F1186D-AC71-47AC-A40E-B43CA82EB57B}.Ad-Hoc|iPhoneSimulator.Build.0 = Debug|Any CPU
		{93F1186D-AC71-47AC-A40E-B43CA82EB57B}.AppStore|Any CPU.ActiveCfg = Debug|Any CPU
		{93F1186D-AC71-47AC-A40E-B43CA82EB57B}.AppStore|Any CPU.Build.0 = Debug|Any CPU
		{93F1186D-AC71-47AC-A40E-B43CA82EB57B}.AppStore|iPhone.ActiveCfg = Debug|Any CPU
		{93F1186D-AC71-47AC-A40E-B43CA82EB57B}.AppStore|iPhone.Build.0 = Debug|Any CPU
		{93F1186D-AC71-47AC-A40E-B43CA82EB57B}.AppStore|iPhoneSimulator.ActiveCfg = Debug|Any CPU
		{93F1186D-AC71-47AC-A40E-B43CA82EB57B}.AppStore|iPhoneSimulator.Build.0 = Debug|Any CPU
		{93F1186D-AC71-47AC-A40E-B43CA82EB57B}.Debug|Any CPU.ActiveCfg = Debug|Any CPU
		{93F1186D-AC71-47AC-A40E-B43CA82EB57B}.Debug|Any CPU.Build.0 = Debug|Any CPU
		{93F1186D-AC71-47AC-A40E-B43CA82EB57B}.Debug|iPhone.ActiveCfg = Debug|Any CPU
		{93F1186D-AC71-47AC-A40E-B43CA82EB57B}.Debug|iPhone.Build.0 = Debug|Any CPU
		{93F1186D-AC71-47AC-A40E-B43CA82EB57B}.Debug|iPhoneSimulator.ActiveCfg = Debug|Any CPU
		{93F1186D-AC71-47AC-A40E-B43CA82EB57B}.Debug|iPhoneSimulator.Build.0 = Debug|Any CPU
		{93F1186D-AC71-47AC-A40E-B43CA82EB57B}.Release|Any CPU.ActiveCfg = Release|Any CPU
		{93F1186D-AC71-47AC-A40E-B43CA82EB57B}.Release|Any CPU.Build.0 = Release|Any CPU
		{93F1186D-AC71-47AC-A40E-B43CA82EB57B}.Release|iPhone.ActiveCfg = Release|Any CPU
		{93F1186D-AC71-47AC-A40E-B43CA82EB57B}.Release|iPhone.Build.0 = Release|Any CPU
		{93F1186D-AC71-47AC-A40E-B43CA82EB57B}.Release|iPhoneSimulator.ActiveCfg = Release|Any CPU
		{93F1186D-AC71-47AC-A40E-B43CA82EB57B}.Release|iPhoneSimulator.Build.0 = Release|Any CPU
		{3749E8C6-C81B-4DA9-AE9C-DDCDA78B2E0F}.Ad-Hoc|Any CPU.ActiveCfg = Release|Any CPU
		{3749E8C6-C81B-4DA9-AE9C-DDCDA78B2E0F}.Ad-Hoc|Any CPU.Build.0 = Release|Any CPU
		{3749E8C6-C81B-4DA9-AE9C-DDCDA78B2E0F}.Ad-Hoc|iPhone.ActiveCfg = Release|Any CPU
		{3749E8C6-C81B-4DA9-AE9C-DDCDA78B2E0F}.Ad-Hoc|iPhone.Build.0 = Release|Any CPU
		{3749E8C6-C81B-4DA9-AE9C-DDCDA78B2E0F}.Ad-Hoc|iPhoneSimulator.ActiveCfg = Release|Any CPU
		{3749E8C6-C81B-4DA9-AE9C-DDCDA78B2E0F}.Ad-Hoc|iPhoneSimulator.Build.0 = Release|Any CPU
		{3749E8C6-C81B-4DA9-AE9C-DDCDA78B2E0F}.AppStore|Any CPU.ActiveCfg = Release|Any CPU
		{3749E8C6-C81B-4DA9-AE9C-DDCDA78B2E0F}.AppStore|Any CPU.Build.0 = Release|Any CPU
		{3749E8C6-C81B-4DA9-AE9C-DDCDA78B2E0F}.AppStore|iPhone.ActiveCfg = Release|Any CPU
		{3749E8C6-C81B-4DA9-AE9C-DDCDA78B2E0F}.AppStore|iPhone.Build.0 = Release|Any CPU
		{3749E8C6-C81B-4DA9-AE9C-DDCDA78B2E0F}.AppStore|iPhoneSimulator.ActiveCfg = Release|Any CPU
		{3749E8C6-C81B-4DA9-AE9C-DDCDA78B2E0F}.AppStore|iPhoneSimulator.Build.0 = Release|Any CPU
		{3749E8C6-C81B-4DA9-AE9C-DDCDA78B2E0F}.Debug|Any CPU.ActiveCfg = Debug|Any CPU
		{3749E8C6-C81B-4DA9-AE9C-DDCDA78B2E0F}.Debug|Any CPU.Build.0 = Debug|Any CPU
		{3749E8C6-C81B-4DA9-AE9C-DDCDA78B2E0F}.Debug|iPhone.ActiveCfg = Debug|Any CPU
		{3749E8C6-C81B-4DA9-AE9C-DDCDA78B2E0F}.Debug|iPhone.Build.0 = Debug|Any CPU
		{3749E8C6-C81B-4DA9-AE9C-DDCDA78B2E0F}.Debug|iPhoneSimulator.ActiveCfg = Debug|Any CPU
		{3749E8C6-C81B-4DA9-AE9C-DDCDA78B2E0F}.Debug|iPhoneSimulator.Build.0 = Debug|Any CPU
		{3749E8C6-C81B-4DA9-AE9C-DDCDA78B2E0F}.Release|Any CPU.ActiveCfg = Release|Any CPU
		{3749E8C6-C81B-4DA9-AE9C-DDCDA78B2E0F}.Release|Any CPU.Build.0 = Release|Any CPU
		{3749E8C6-C81B-4DA9-AE9C-DDCDA78B2E0F}.Release|iPhone.ActiveCfg = Release|Any CPU
		{3749E8C6-C81B-4DA9-AE9C-DDCDA78B2E0F}.Release|iPhone.Build.0 = Release|Any CPU
		{3749E8C6-C81B-4DA9-AE9C-DDCDA78B2E0F}.Release|iPhoneSimulator.ActiveCfg = Release|Any CPU
		{3749E8C6-C81B-4DA9-AE9C-DDCDA78B2E0F}.Release|iPhoneSimulator.Build.0 = Release|Any CPU
		{2798EED2-0A88-45E7-97D5-F7DCB01233E1}.Ad-Hoc|Any CPU.ActiveCfg = Release|Any CPU
		{2798EED2-0A88-45E7-97D5-F7DCB01233E1}.Ad-Hoc|Any CPU.Build.0 = Release|Any CPU
		{2798EED2-0A88-45E7-97D5-F7DCB01233E1}.Ad-Hoc|iPhone.ActiveCfg = Release|Any CPU
		{2798EED2-0A88-45E7-97D5-F7DCB01233E1}.Ad-Hoc|iPhone.Build.0 = Release|Any CPU
		{2798EED2-0A88-45E7-97D5-F7DCB01233E1}.Ad-Hoc|iPhoneSimulator.ActiveCfg = Release|Any CPU
		{2798EED2-0A88-45E7-97D5-F7DCB01233E1}.Ad-Hoc|iPhoneSimulator.Build.0 = Release|Any CPU
		{2798EED2-0A88-45E7-97D5-F7DCB01233E1}.AppStore|Any CPU.ActiveCfg = Release|Any CPU
		{2798EED2-0A88-45E7-97D5-F7DCB01233E1}.AppStore|Any CPU.Build.0 = Release|Any CPU
		{2798EED2-0A88-45E7-97D5-F7DCB01233E1}.AppStore|iPhone.ActiveCfg = Release|Any CPU
		{2798EED2-0A88-45E7-97D5-F7DCB01233E1}.AppStore|iPhone.Build.0 = Release|Any CPU
		{2798EED2-0A88-45E7-97D5-F7DCB01233E1}.AppStore|iPhoneSimulator.ActiveCfg = Release|Any CPU
		{2798EED2-0A88-45E7-97D5-F7DCB01233E1}.AppStore|iPhoneSimulator.Build.0 = Release|Any CPU
		{2798EED2-0A88-45E7-97D5-F7DCB01233E1}.Debug|Any CPU.ActiveCfg = Debug|Any CPU
		{2798EED2-0A88-45E7-97D5-F7DCB01233E1}.Debug|Any CPU.Build.0 = Debug|Any CPU
		{2798EED2-0A88-45E7-97D5-F7DCB01233E1}.Debug|iPhone.ActiveCfg = Debug|Any CPU
		{2798EED2-0A88-45E7-97D5-F7DCB01233E1}.Debug|iPhone.Build.0 = Debug|Any CPU
		{2798EED2-0A88-45E7-97D5-F7DCB01233E1}.Debug|iPhoneSimulator.ActiveCfg = Debug|Any CPU
		{2798EED2-0A88-45E7-97D5-F7DCB01233E1}.Debug|iPhoneSimulator.Build.0 = Debug|Any CPU
		{2798EED2-0A88-45E7-97D5-F7DCB01233E1}.Release|Any CPU.ActiveCfg = Release|Any CPU
		{2798EED2-0A88-45E7-97D5-F7DCB01233E1}.Release|Any CPU.Build.0 = Release|Any CPU
		{2798EED2-0A88-45E7-97D5-F7DCB01233E1}.Release|iPhone.ActiveCfg = Release|Any CPU
		{2798EED2-0A88-45E7-97D5-F7DCB01233E1}.Release|iPhone.Build.0 = Release|Any CPU
		{2798EED2-0A88-45E7-97D5-F7DCB01233E1}.Release|iPhoneSimulator.ActiveCfg = Release|Any CPU
		{2798EED2-0A88-45E7-97D5-F7DCB01233E1}.Release|iPhoneSimulator.Build.0 = Release|Any CPU
		{88654249-5226-44D1-A3D2-952E38A178DB}.Ad-Hoc|Any CPU.ActiveCfg = Release|Any CPU
		{88654249-5226-44D1-A3D2-952E38A178DB}.Ad-Hoc|Any CPU.Build.0 = Release|Any CPU
		{88654249-5226-44D1-A3D2-952E38A178DB}.Ad-Hoc|iPhone.ActiveCfg = Release|Any CPU
		{88654249-5226-44D1-A3D2-952E38A178DB}.Ad-Hoc|iPhone.Build.0 = Release|Any CPU
		{88654249-5226-44D1-A3D2-952E38A178DB}.Ad-Hoc|iPhoneSimulator.ActiveCfg = Release|Any CPU
		{88654249-5226-44D1-A3D2-952E38A178DB}.Ad-Hoc|iPhoneSimulator.Build.0 = Release|Any CPU
		{88654249-5226-44D1-A3D2-952E38A178DB}.AppStore|Any CPU.ActiveCfg = Release|Any CPU
		{88654249-5226-44D1-A3D2-952E38A178DB}.AppStore|Any CPU.Build.0 = Release|Any CPU
		{88654249-5226-44D1-A3D2-952E38A178DB}.AppStore|iPhone.ActiveCfg = Release|Any CPU
		{88654249-5226-44D1-A3D2-952E38A178DB}.AppStore|iPhone.Build.0 = Release|Any CPU
		{88654249-5226-44D1-A3D2-952E38A178DB}.AppStore|iPhoneSimulator.ActiveCfg = Release|Any CPU
		{88654249-5226-44D1-A3D2-952E38A178DB}.AppStore|iPhoneSimulator.Build.0 = Release|Any CPU
		{88654249-5226-44D1-A3D2-952E38A178DB}.Debug|Any CPU.ActiveCfg = Debug|Any CPU
		{88654249-5226-44D1-A3D2-952E38A178DB}.Debug|Any CPU.Build.0 = Debug|Any CPU
		{88654249-5226-44D1-A3D2-952E38A178DB}.Debug|iPhone.ActiveCfg = Debug|Any CPU
		{88654249-5226-44D1-A3D2-952E38A178DB}.Debug|iPhone.Build.0 = Debug|Any CPU
		{88654249-5226-44D1-A3D2-952E38A178DB}.Debug|iPhoneSimulator.ActiveCfg = Debug|Any CPU
		{88654249-5226-44D1-A3D2-952E38A178DB}.Debug|iPhoneSimulator.Build.0 = Debug|Any CPU
		{88654249-5226-44D1-A3D2-952E38A178DB}.Release|Any CPU.ActiveCfg = Release|Any CPU
		{88654249-5226-44D1-A3D2-952E38A178DB}.Release|Any CPU.Build.0 = Release|Any CPU
		{88654249-5226-44D1-A3D2-952E38A178DB}.Release|iPhone.ActiveCfg = Release|Any CPU
		{88654249-5226-44D1-A3D2-952E38A178DB}.Release|iPhone.Build.0 = Release|Any CPU
		{88654249-5226-44D1-A3D2-952E38A178DB}.Release|iPhoneSimulator.ActiveCfg = Release|Any CPU
		{88654249-5226-44D1-A3D2-952E38A178DB}.Release|iPhoneSimulator.Build.0 = Release|Any CPU
	EndGlobalSection
	GlobalSection(SolutionProperties) = preSolution
		HideSolutionNode = FALSE
	EndGlobalSection
	GlobalSection(NestedProjects) = preSolution
		{21888A92-3966-474B-BFD8-04E6DC7A260F} = {38AB27E5-B4B9-4139-889C-66AFE6215117}
		{5AE225C1-20C1-444A-ABD7-547965282F49} = {38AB27E5-B4B9-4139-889C-66AFE6215117}
		{7B7692F4-D2C1-4FE8-B4EB-33C2E25E7C44} = {38AB27E5-B4B9-4139-889C-66AFE6215117}
		{C5DCB26A-02D0-4D8B-878E-C9169915C22A} = {BA3A7998-C0FA-412E-B727-41E1458BD3A2}
		{93F1186D-AC71-47AC-A40E-B43CA82EB57B} = {62B0983D-8EE5-4E3D-98AC-319C0C8DFDF1}
		{3749E8C6-C81B-4DA9-AE9C-DDCDA78B2E0F} = {62B0983D-8EE5-4E3D-98AC-319C0C8DFDF1}
		{2798EED2-0A88-45E7-97D5-F7DCB01233E1} = {62B0983D-8EE5-4E3D-98AC-319C0C8DFDF1}
		{88654249-5226-44D1-A3D2-952E38A178DB} = {BA3A7998-C0FA-412E-B727-41E1458BD3A2}
	EndGlobalSection
	GlobalSection(ExtensibilityGlobals) = postSolution
		SolutionGuid = {A978F5E6-90F2-4C54-943F-8080844ED729}
	EndGlobalSection
EndGlobal
